
Microsoft Visual Studio Solution File, Format Version 12.00
# Visual Studio 15
VisualStudioVersion = 15.0.27703.2026
MinimumVisualStudioVersion = 10.0.40219.1
Project("{FAE04EC0-301F-11D3-BF4B-00C04F79EFBC}") = "KhAITestParser", "KhAITestParser\KhAITestParser.csproj", "{7388C631-BA79-4248-BCFE-F29A45D42C9A}"
EndProject
Global
	GlobalSection(SolutionConfigurationPlatforms) = preSolution
		Debug|Any CPU = Debug|Any CPU
		Release|Any CPU = Release|Any CPU
	EndGlobalSection
	GlobalSection(ProjectConfigurationPlatforms) = postSolution
		{7388C631-BA79-4248-BCFE-F29A45D42C9A}.Debug|Any CPU.ActiveCfg = Debug|Any CPU
		{7388C631-BA79-4248-BCFE-F29A45D42C9A}.Debug|Any CPU.Build.0 = Debug|Any CPU
		{7388C631-BA79-4248-BCFE-F29A45D42C9A}.Release|Any CPU.ActiveCfg = Release|Any CPU
		{7388C631-BA79-4248-BCFE-F29A45D42C9A}.Release|Any CPU.Build.0 = Release|Any CPU
	EndGlobalSection
	GlobalSection(SolutionProperties) = preSolution
		HideSolutionNode = FALSE
	EndGlobalSection
	GlobalSection(ExtensibilityGlobals) = postSolution
		SolutionGuid = {1F5835AF-6596-41F6-BF57-BA4A8C328151}
	EndGlobalSection
EndGlobal
